// !$*UTF8*$!
{
	archiveVersion = 1;
	classes = {
	};
	objectVersion = 56;
	objects = {

/* Begin PBXBuildFile section */
		DEDBC75B2A9E470C00842F5A /* AppDelegate.swift in Sources */ = {isa = PBXBuildFile; fileRef = DEDBC75A2A9E470C00842F5A /* AppDelegate.swift */; };
		DEDBC75D2A9E470C00842F5A /* SceneDelegate.swift in Sources */ = {isa = PBXBuildFile; fileRef = DEDBC75C2A9E470C00842F5A /* SceneDelegate.swift */; };
		DEDBC75F2A9E470C00842F5A /* ViewController.swift in Sources */ = {isa = PBXBuildFile; fileRef = DEDBC75E2A9E470C00842F5A /* ViewController.swift */; };
		DEDBC7622A9E470C00842F5A /* Main.storyboard in Resources */ = {isa = PBXBuildFile; fileRef = DEDBC7602A9E470C00842F5A /* Main.storyboard */; };
		DEDBC7642A9E470D00842F5A /* Assets.xcassets in Resources */ = {isa = PBXBuildFile; fileRef = DEDBC7632A9E470D00842F5A /* Assets.xcassets */; };
		DEDBC7672A9E470D00842F5A /* LaunchScreen.storyboard in Resources */ = {isa = PBXBuildFile; fileRef = DEDBC7652A9E470D00842F5A /* LaunchScreen.storyboard */; };
		DEDBC7722A9E470D00842F5A /* HW0Tests.swift in Sources */ = {isa = PBXBuildFile; fileRef = DEDBC7712A9E470D00842F5A /* HW0Tests.swift */; };
		DEDBC77C2A9E470D00842F5A /* HW0UITests.swift in Sources */ = {isa = PBXBuildFile; fileRef = DEDBC77B2A9E470D00842F5A /* HW0UITests.swift */; };
		DEDBC77E2A9E470D00842F5A /* HW0UITestsLaunchTests.swift in Sources */ = {isa = PBXBuildFile; fileRef = DEDBC77D2A9E470D00842F5A /* HW0UITestsLaunchTests.swift */; };
/* End PBXBuildFile section */

/* Begin PBXContainerItemProxy section */
		DEDBC76E2A9E470D00842F5A /* PBXContainerItemProxy */ = {
			isa = PBXContainerItemProxy;
			containerPortal = DEDBC74F2A9E470C00842F5A /* Project object */;
			proxyType = 1;
			remoteGlobalIDString = DEDBC7562A9E470C00842F5A;
			remoteInfo = HW0;
		};
		DEDBC7782A9E470D00842F5A /* PBXContainerItemProxy */ = {
			isa = PBXContainerItemProxy;
			containerPortal = DEDBC74F2A9E470C00842F5A /* Project object */;
			proxyType = 1;
			remoteGlobalIDString = DEDBC7562A9E470C00842F5A;
			remoteInfo = HW0;
		};
/* End PBXContainerItemProxy section */

/* Begin PBXFileReference section */
		DEDBC7572A9E470C00842F5A /* HW0.app */ = {isa = PBXFileReference; explicitFileType = wrapper.application; includeInIndex = 0; path = HW0.app; sourceTree = BUILT_PRODUCTS_DIR; };
		DEDBC75A2A9E470C00842F5A /* AppDelegate.swift */ = {isa = PBXFileReference; lastKnownFileType = sourcecode.swift; path = AppDelegate.swift; sourceTree = "<group>"; };
		DEDBC75C2A9E470C00842F5A /* SceneDelegate.swift */ = {isa = PBXFileReference; lastKnownFileType = sourcecode.swift; path = SceneDelegate.swift; sourceTree = "<group>"; };
		DEDBC75E2A9E470C00842F5A /* ViewController.swift */ = {isa = PBXFileReference; lastKnownFileType = sourcecode.swift; path = ViewController.swift; sourceTree = "<group>"; };
		DEDBC7612A9E470C00842F5A /* Base */ = {isa = PBXFileReference; lastKnownFileType = file.storyboard; name = Base; path = Base.lproj/Main.storyboard; sourceTree = "<group>"; };
		DEDBC7632A9E470D00842F5A /* Assets.xcassets */ = {isa = PBXFileReference; lastKnownFileType = folder.assetcatalog; path = Assets.xcassets; sourceTree = "<group>"; };
		DEDBC7662A9E470D00842F5A /* Base */ = {isa = PBXFileReference; lastKnownFileType = file.storyboard; name = Base; path = Base.lproj/LaunchScreen.storyboard; sourceTree = "<group>"; };
		DEDBC7682A9E470D00842F5A /* Info.plist */ = {isa = PBXFileReference; lastKnownFileType = text.plist.xml; path = Info.plist; sourceTree = "<group>"; };
		DEDBC76D2A9E470D00842F5A /* HW0Tests.xctest */ = {isa = PBXFileReference; explicitFileType = wrapper.cfbundle; includeInIndex = 0; path = HW0Tests.xctest; sourceTree = BUILT_PRODUCTS_DIR; };
		DEDBC7712A9E470D00842F5A /* HW0Tests.swift */ = {isa = PBXFileReference; lastKnownFileType = sourcecode.swift; path = HW0Tests.swift; sourceTree = "<group>"; };
		DEDBC7772A9E470D00842F5A /* HW0UITests.xctest */ = {isa = PBXFileReference; explicitFileType = wrapper.cfbundle; includeInIndex = 0; path = HW0UITests.xctest; sourceTree = BUILT_PRODUCTS_DIR; };
		DEDBC77B2A9E470D00842F5A /* HW0UITests.swift */ = {isa = PBXFileReference; lastKnownFileType = sourcecode.swift; path = HW0UITests.swift; sourceTree = "<group>"; };
		DEDBC77D2A9E470D00842F5A /* HW0UITestsLaunchTests.swift */ = {isa = PBXFileReference; lastKnownFileType = sourcecode.swift; path = HW0UITestsLaunchTests.swift; sourceTree = "<group>"; };
/* End PBXFileReference section */

/* Begin PBXFrameworksBuildPhase section */
		DEDBC7542A9E470C00842F5A /* Frameworks */ = {
			isa = PBXFrameworksBuildPhase;
			buildActionMask = 2147483647;
			files = (
			);
			runOnlyForDeploymentPostprocessing = 0;
		};
		DEDBC76A2A9E470D00842F5A /* Frameworks */ = {
			isa = PBXFrameworksBuildPhase;
			buildActionMask = 2147483647;
			files = (
			);
			runOnlyForDeploymentPostprocessing = 0;
		};
		DEDBC7742A9E470D00842F5A /* Frameworks */ = {
			isa = PBXFrameworksBuildPhase;
			buildActionMask = 2147483647;
			files = (
			);
			runOnlyForDeploymentPostprocessing = 0;
		};
/* End PBXFrameworksBuildPhase section */

/* Begin PBXGroup section */
		DEDBC74E2A9E470C00842F5A = {
			isa = PBXGroup;
			children = (
				DEDBC7592A9E470C00842F5A /* HW0 */,
				DEDBC7702A9E470D00842F5A /* HW0Tests */,
				DEDBC77A2A9E470D00842F5A /* HW0UITests */,
				DEDBC7582A9E470C00842F5A /* Products */,
			);
			sourceTree = "<group>";
		};
		DEDBC7582A9E470C00842F5A /* Products */ = {
			isa = PBXGroup;
			children = (
				DEDBC7572A9E470C00842F5A /* HW0.app */,
				DEDBC76D2A9E470D00842F5A /* HW0Tests.xctest */,
				DEDBC7772A9E470D00842F5A /* HW0UITests.xctest */,
			);
			name = Products;
			sourceTree = "<group>";
		};
		DEDBC7592A9E470C00842F5A /* HW0 */ = {
			isa = PBXGroup;
			children = (
				DEDBC75A2A9E470C00842F5A /* AppDelegate.swift */,
				DEDBC75C2A9E470C00842F5A /* SceneDelegate.swift */,
				DEDBC75E2A9E470C00842F5A /* ViewController.swift */,
				DEDBC7602A9E470C00842F5A /* Main.storyboard */,
				DEDBC7632A9E470D00842F5A /* Assets.xcassets */,
				DEDBC7652A9E470D00842F5A /* LaunchScreen.storyboard */,
				DEDBC7682A9E470D00842F5A /* Info.plist */,
			);
			path = HW0;
			sourceTree = "<group>";
		};
		DEDBC7702A9E470D00842F5A /* HW0Tests */ = {
			isa = PBXGroup;
			children = (
				DEDBC7712A9E470D00842F5A /* HW0Tests.swift */,
			);
			path = HW0Tests;
			sourceTree = "<group>";
		};
		DEDBC77A2A9E470D00842F5A /* HW0UITests */ = {
			isa = PBXGroup;
			children = (
				DEDBC77B2A9E470D00842F5A /* HW0UITests.swift */,
				DEDBC77D2A9E470D00842F5A /* HW0UITestsLaunchTests.swift */,
			);
			path = HW0UITests;
			sourceTree = "<group>";
		};
/* End PBXGroup section */

/* Begin PBXNativeTarget section */
		DEDBC7562A9E470C00842F5A /* HW0 */ = {
			isa = PBXNativeTarget;
			buildConfigurationList = DEDBC7812A9E470D00842F5A /* Build configuration list for PBXNativeTarget "HW0" */;
			buildPhases = (
				DEDBC7532A9E470C00842F5A /* Sources */,
				DEDBC7542A9E470C00842F5A /* Frameworks */,
				DEDBC7552A9E470C00842F5A /* Resources */,
			);
			buildRules = (
			);
			dependencies = (
			);
			name = HW0;
			productName = HW0;
			productReference = DEDBC7572A9E470C00842F5A /* HW0.app */;
			productType = "com.apple.product-type.application";
		};
		DEDBC76C2A9E470D00842F5A /* HW0Tests */ = {
			isa = PBXNativeTarget;
			buildConfigurationList = DEDBC7842A9E470D00842F5A /* Build configuration list for PBXNativeTarget "HW0Tests" */;
			buildPhases = (
				DEDBC7692A9E470D00842F5A /* Sources */,
				DEDBC76A2A9E470D00842F5A /* Frameworks */,
				DEDBC76B2A9E470D00842F5A /* Resources */,
			);
			buildRules = (
			);
			dependencies = (
				DEDBC76F2A9E470D00842F5A /* PBXTargetDependency */,
			);
			name = HW0Tests;
			productName = HW0Tests;
			productReference = DEDBC76D2A9E470D00842F5A /* HW0Tests.xctest */;
			productType = "com.apple.product-type.bundle.unit-test";
		};
		DEDBC7762A9E470D00842F5A /* HW0UITests */ = {
			isa = PBXNativeTarget;
			buildConfigurationList = DEDBC7872A9E470D00842F5A /* Build configuration list for PBXNativeTarget "HW0UITests" */;
			buildPhases = (
				DEDBC7732A9E470D00842F5A /* Sources */,
				DEDBC7742A9E470D00842F5A /* Frameworks */,
				DEDBC7752A9E470D00842F5A /* Resources */,
			);
			buildRules = (
			);
			dependencies = (
				DEDBC7792A9E470D00842F5A /* PBXTargetDependency */,
			);
			name = HW0UITests;
			productName = HW0UITests;
			productReference = DEDBC7772A9E470D00842F5A /* HW0UITests.xctest */;
			productType = "com.apple.product-type.bundle.ui-testing";
		};
/* End PBXNativeTarget section */

/* Begin PBXProject section */
		DEDBC74F2A9E470C00842F5A /* Project object */ = {
			isa = PBXProject;
			attributes = {
				BuildIndependentTargetsInParallel = 1;
				LastSwiftUpdateCheck = 1400;
				LastUpgradeCheck = 1400;
				TargetAttributes = {
					DEDBC7562A9E470C00842F5A = {
						CreatedOnToolsVersion = 14.0;
					};
					DEDBC76C2A9E470D00842F5A = {
						CreatedOnToolsVersion = 14.0;
						TestTargetID = DEDBC7562A9E470C00842F5A;
					};
					DEDBC7762A9E470D00842F5A = {
						CreatedOnToolsVersion = 14.0;
						TestTargetID = DEDBC7562A9E470C00842F5A;
					};
				};
			};
			buildConfigurationList = DEDBC7522A9E470C00842F5A /* Build configuration list for PBXProject "HW0" */;
			compatibilityVersion = "Xcode 14.0";
			developmentRegion = en;
			hasScannedForEncodings = 0;
			knownRegions = (
				en,
				Base,
			);
			mainGroup = DEDBC74E2A9E470C00842F5A;
			productRefGroup = DEDBC7582A9E470C00842F5A /* Products */;
			projectDirPath = "";
			projectRoot = "";
			targets = (
				DEDBC7562A9E470C00842F5A /* HW0 */,
				DEDBC76C2A9E470D00842F5A /* HW0Tests */,
				DEDBC7762A9E470D00842F5A /* HW0UITests */,
			);
		};
/* End PBXProject section */

/* Begin PBXResourcesBuildPhase section */
		DEDBC7552A9E470C00842F5A /* Resources */ = {
			isa = PBXResourcesBuildPhase;
			buildActionMask = 2147483647;
			files = (
				DEDBC7672A9E470D00842F5A /* LaunchScreen.storyboard in Resources */,
				DEDBC7642A9E470D00842F5A /* Assets.xcassets in Resources */,
				DEDBC7622A9E470C00842F5A /* Main.storyboard in Resources */,
			);
			runOnlyForDeploymentPostprocessing = 0;
		};
		DEDBC76B2A9E470D00842F5A /* Resources */ = {
			isa = PBXResourcesBuildPhase;
			buildActionMask = 2147483647;
			files = (
			);
			runOnlyForDeploymentPostprocessing = 0;
		};
		DEDBC7752A9E470D00842F5A /* Resources */ = {
			isa = PBXResourcesBuildPhase;
			buildActionMask = 2147483647;
			files = (
			);
			runOnlyForDeploymentPostprocessing = 0;
		};
/* End PBXResourcesBuildPhase section */

/* Begin PBXSourcesBuildPhase section */
		DEDBC7532A9E470C00842F5A /* Sources */ = {
			isa = PBXSourcesBuildPhase;
			buildActionMask = 2147483647;
			files = (
				DEDBC75F2A9E470C00842F5A /* ViewController.swift in Sources */,
				DEDBC75B2A9E470C00842F5A /* AppDelegate.swift in Sources */,
				DEDBC75D2A9E470C00842F5A /* SceneDelegate.swift in Sources */,
			);
			runOnlyForDeploymentPostprocessing = 0;
		};
		DEDBC7692A9E470D00842F5A /* Sources */ = {
			isa = PBXSourcesBuildPhase;
			buildActionMask = 2147483647;
			files = (
				DEDBC7722A9E470D00842F5A /* HW0Tests.swift in Sources */,
			);
			runOnlyForDeploymentPostprocessing = 0;
		};
		DEDBC7732A9E470D00842F5A /* Sources */ = {
			isa = PBXSourcesBuildPhase;
			buildActionMask = 2147483647;
			files = (
				DEDBC77E2A9E470D00842F5A /* HW0UITestsLaunchTests.swift in Sources */,
				DEDBC77C2A9E470D00842F5A /* HW0UITests.swift in Sources */,
			);
			runOnlyForDeploymentPostprocessing = 0;
		};
/* End PBXSourcesBuildPhase section */

/* Begin PBXTargetDependency section */
		DEDBC76F2A9E470D00842F5A /* PBXTargetDependency */ = {
			isa = PBXTargetDependency;
			target = DEDBC7562A9E470C00842F5A /* HW0 */;
			targetProxy = DEDBC76E2A9E470D00842F5A /* PBXContainerItemProxy */;
		};
		DEDBC7792A9E470D00842F5A /* PBXTargetDependency */ = {
			isa = PBXTargetDependency;
			target = DEDBC7562A9E470C00842F5A /* HW0 */;
			targetProxy = DEDBC7782A9E470D00842F5A /* PBXContainerItemProxy */;
		};
/* End PBXTargetDependency section */

/* Begin PBXVariantGroup section */
		DEDBC7602A9E470C00842F5A /* Main.storyboard */ = {
			isa = PBXVariantGroup;
			children = (
				DEDBC7612A9E470C00842F5A /* Base */,
			);
			name = Main.storyboard;
			sourceTree = "<group>";
		};
		DEDBC7652A9E470D00842F5A /* LaunchScreen.storyboard */ = {
			isa = PBXVariantGroup;
			children = (
				DEDBC7662A9E470D00842F5A /* Base */,
			);
			name = LaunchScreen.storyboard;
			sourceTree = "<group>";
		};
/* End PBXVariantGroup section */

/* Begin XCBuildConfiguration section */
		DEDBC77F2A9E470D00842F5A /* Debug */ = {
			isa = XCBuildConfiguration;
			buildSettings = {
				ALWAYS_SEARCH_USER_PATHS = NO;
				CLANG_ANALYZER_NONNULL = YES;
				CLANG_ANALYZER_NUMBER_OBJECT_CONVERSION = YES_AGGRESSIVE;
				CLANG_CXX_LANGUAGE_STANDARD = "gnu++20";
				CLANG_ENABLE_MODULES = YES;
				CLANG_ENABLE_OBJC_ARC = YES;
				CLANG_ENABLE_OBJC_WEAK = YES;
				CLANG_WARN_BLOCK_CAPTURE_AUTORELEASING = YES;
				CLANG_WARN_BOOL_CONVERSION = YES;
				CLANG_WARN_COMMA = YES;
				CLANG_WARN_CONSTANT_CONVERSION = YES;
				CLANG_WARN_DEPRECATED_OBJC_IMPLEMENTATIONS = YES;
				CLANG_WARN_DIRECT_OBJC_ISA_USAGE = YES_ERROR;
				CLANG_WARN_DOCUMENTATION_COMMENTS = YES;
				CLANG_WARN_EMPTY_BODY = YES;
				CLANG_WARN_ENUM_CONVERSION = YES;
				CLANG_WARN_INFINITE_RECURSION = YES;
				CLANG_WARN_INT_CONVERSION = YES;
				CLANG_WARN_NON_LITERAL_NULL_CONVERSION = YES;
				CLANG_WARN_OBJC_IMPLICIT_RETAIN_SELF = YES;
				CLANG_WARN_OBJC_LITERAL_CONVERSION = YES;
				CLANG_WARN_OBJC_ROOT_CLASS = YES_ERROR;
				CLANG_WARN_QUOTED_INCLUDE_IN_FRAMEWORK_HEADER = YES;
				CLANG_WARN_RANGE_LOOP_ANALYSIS = YES;
				CLANG_WARN_STRICT_PROTOTYPES = YES;
				CLANG_WARN_SUSPICIOUS_MOVE = YES;
				CLANG_WARN_UNGUARDED_AVAILABILITY = YES_AGGRESSIVE;
				CLANG_WARN_UNREACHABLE_CODE = YES;
				CLANG_WARN__DUPLICATE_METHOD_MATCH = YES;
				COPY_PHASE_STRIP = NO;
				DEBUG_INFORMATION_FORMAT = dwarf;
				ENABLE_STRICT_OBJC_MSGSEND = YES;
				ENABLE_TESTABILITY = YES;
				GCC_C_LANGUAGE_STANDARD = gnu11;
				GCC_DYNAMIC_NO_PIC = NO;
				GCC_NO_COMMON_BLOCKS = YES;
				GCC_OPTIMIZATION_LEVEL = 0;
				GCC_PREPROCESSOR_DEFINITIONS = (
					"DEBUG=1",
					"$(inherited)",
				);
				GCC_WARN_64_TO_32_BIT_CONVERSION = YES;
				GCC_WARN_ABOUT_RETURN_TYPE = YES_ERROR;
				GCC_WARN_UNDECLARED_SELECTOR = YES;
				GCC_WARN_UNINITIALIZED_AUTOS = YES_AGGRESSIVE;
				GCC_WARN_UNUSED_FUNCTION = YES;
				GCC_WARN_UNUSED_VARIABLE = YES;
				IPHONEOS_DEPLOYMENT_TARGET = 16.0;
				MTL_ENABLE_DEBUG_INFO = INCLUDE_SOURCE;
				MTL_FAST_MATH = YES;
				ONLY_ACTIVE_ARCH = YES;
				SDKROOT = iphoneos;
				SWIFT_ACTIVE_COMPILATION_CONDITIONS = DEBUG;
				SWIFT_OPTIMIZATION_LEVEL = "-Onone";
			};
			name = Debug;
		};
		DEDBC7802A9E470D00842F5A /* Release */ = {
			isa = XCBuildConfiguration;
			buildSettings = {
				ALWAYS_SEARCH_USER_PATHS = NO;
				CLANG_ANALYZER_NONNULL = YES;
				CLANG_ANALYZER_NUMBER_OBJECT_CONVERSION = YES_AGGRESSIVE;
				CLANG_CXX_LANGUAGE_STANDARD = "gnu++20";
				CLANG_ENABLE_MODULES = YES;
				CLANG_ENABLE_OBJC_ARC = YES;
				CLANG_ENABLE_OBJC_WEAK = YES;
				CLANG_WARN_BLOCK_CAPTURE_AUTORELEASING = YES;
				CLANG_WARN_BOOL_CONVERSION = YES;
				CLANG_WARN_COMMA = YES;
				CLANG_WARN_CONSTANT_CONVERSION = YES;
				CLANG_WARN_DEPRECATED_OBJC_IMPLEMENTATIONS = YES;
				CLANG_WARN_DIRECT_OBJC_ISA_USAGE = YES_ERROR;
				CLANG_WARN_DOCUMENTATION_COMMENTS = YES;
				CLANG_WARN_EMPTY_BODY = YES;
				CLANG_WARN_ENUM_CONVERSION = YES;
				CLANG_WARN_INFINITE_RECURSION = YES;
				CLANG_WARN_INT_CONVERSION = YES;
				CLANG_WARN_NON_LITERAL_NULL_CONVERSION = YES;
				CLANG_WARN_OBJC_IMPLICIT_RETAIN_SELF = YES;
				CLANG_WARN_OBJC_LITERAL_CONVERSION = YES;
				CLANG_WARN_OBJC_ROOT_CLASS = YES_ERROR;
				CLANG_WARN_QUOTED_INCLUDE_IN_FRAMEWORK_HEADER = YES;
				CLANG_WARN_RANGE_LOOP_ANALYSIS = YES;
				CLANG_WARN_STRICT_PROTOTYPES = YES;
				CLANG_WARN_SUSPICIOUS_MOVE = YES;
				CLANG_WARN_UNGUARDED_AVAILABILITY = YES_AGGRESSIVE;
				CLANG_WARN_UNREACHABLE_CODE = YES;
				CLANG_WARN__DUPLICATE_METHOD_MATCH = YES;
				COPY_PHASE_STRIP = NO;
				DEBUG_INFORMATION_FORMAT = "dwarf-with-dsym";
				ENABLE_NS_ASSERTIONS = NO;
				ENABLE_STRICT_OBJC_MSGSEND = YES;
				GCC_C_LANGUAGE_STANDARD = gnu11;
				GCC_NO_COMMON_BLOCKS = YES;
				GCC_WARN_64_TO_32_BIT_CONVERSION = YES;
				GCC_WARN_ABOUT_RETURN_TYPE = YES_ERROR;
				GCC_WARN_UNDECLARED_SELECTOR = YES;
				GCC_WARN_UNINITIALIZED_AUTOS = YES_AGGRESSIVE;
				GCC_WARN_UNUSED_FUNCTION = YES;
				GCC_WARN_UNUSED_VARIABLE = YES;
				IPHONEOS_DEPLOYMENT_TARGET = 16.0;
				MTL_ENABLE_DEBUG_INFO = NO;
				MTL_FAST_MATH = YES;
				SDKROOT = iphoneos;
				SWIFT_COMPILATION_MODE = wholemodule;
				SWIFT_OPTIMIZATION_LEVEL = "-O";
				VALIDATE_PRODUCT = YES;
			};
			name = Release;
		};
		DEDBC7822A9E470D00842F5A /* Debug */ = {
			isa = XCBuildConfiguration;
			buildSettings = {
				ASSETCATALOG_COMPILER_APPICON_NAME = AppIcon;
				ASSETCATALOG_COMPILER_GLOBAL_ACCENT_COLOR_NAME = AccentColor;
				CODE_SIGN_STYLE = Automatic;
				CURRENT_PROJECT_VERSION = 1;
				GENERATE_INFOPLIST_FILE = YES;
				INFOPLIST_FILE = HW0/Info.plist;
				INFOPLIST_KEY_UIApplicationSupportsIndirectInputEvents = YES;
				INFOPLIST_KEY_UILaunchStoryboardName = LaunchScreen;
				INFOPLIST_KEY_UIMainStoryboardFile = Main;
				INFOPLIST_KEY_UISupportedInterfaceOrientations_iPad = "UIInterfaceOrientationPortrait UIInterfaceOrientationPortraitUpsideDown UIInterfaceOrientationLandscapeLeft UIInterfaceOrientationLandscapeRight";
				INFOPLIST_KEY_UISupportedInterfaceOrientations_iPhone = "UIInterfaceOrientationPortrait UIInterfaceOrientationLandscapeLeft UIInterfaceOrientationLandscapeRight";
				LD_RUNPATH_SEARCH_PATHS = (
					"$(inherited)",
					"@executable_path/Frameworks",
				);
				MARKETING_VERSION = 1.0;
				PRODUCT_BUNDLE_IDENTIFIER = FAU.HW0;
				PRODUCT_NAME = "$(TARGET_NAME)";
				SWIFT_EMIT_LOC_STRINGS = YES;
				SWIFT_VERSION = 5.0;
				TARGETED_DEVICE_FAMILY = "1,2";
			};
			name = Debug;
		};
		DEDBC7832A9E470D00842F5A /* Release */ = {
			isa = XCBuildConfiguration;
			buildSettings = {
				ASSETCATALOG_COMPILER_APPICON_NAME = AppIcon;
				ASSETCATALOG_COMPILER_GLOBAL_ACCENT_COLOR_NAME = AccentColor;
				CODE_SIGN_STYLE = Automatic;
				CURRENT_PROJECT_VERSION = 1;
				GENERATE_INFOPLIST_FILE = YES;
				INFOPLIST_FILE = HW0/Info.plist;
				INFOPLIST_KEY_UIApplicationSupportsIndirectInputEvents = YES;
				INFOPLIST_KEY_UILaunchStoryboardName = LaunchScreen;
				INFOPLIST_KEY_UIMainStoryboardFile = Main;
				INFOPLIST_KEY_UISupportedInterfaceOrientations_iPad = "UIInterfaceOrientationPortrait UIInterfaceOrientationPortraitUpsideDown UIInterfaceOrientationLandscapeLeft UIInterfaceOrientationLandscapeRight";
				INFOPLIST_KEY_UISupportedInterfaceOrientations_iPhone = "UIInterfaceOrientationPortrait UIInterfaceOrientationLandscapeLeft UIInterfaceOrientationLandscapeRight";
				LD_RUNPATH_SEARCH_PATHS = (
					"$(inherited)",
					"@executable_path/Frameworks",
				);
				MARKETING_VERSION = 1.0;
				PRODUCT_BUNDLE_IDENTIFIER = FAU.HW0;
				PRODUCT_NAME = "$(TARGET_NAME)";
				SWIFT_EMIT_LOC_STRINGS = YES;
				SWIFT_VERSION = 5.0;
				TARGETED_DEVICE_FAMILY = "1,2";
			};
			name = Release;
		};
		DEDBC7852A9E470D00842F5A /* Debug */ = {
			isa = XCBuildConfiguration;
			buildSettings = {
				ALWAYS_EMBED_SWIFT_STANDARD_LIBRARIES = YES;
				BUNDLE_LOADER = "$(TEST_HOST)";
				CODE_SIGN_STYLE = Automatic;
				CURRENT_PROJECT_VERSION = 1;
				GENERATE_INFOPLIST_FILE = YES;
				IPHONEOS_DEPLOYMENT_TARGET = 16.0;
				MARKETING_VERSION = 1.0;
				PRODUCT_BUNDLE_IDENTIFIER = FAU.HW0Tests;
				PRODUCT_NAME = "$(TARGET_NAME)";
				SWIFT_EMIT_LOC_STRINGS = NO;
				SWIFT_VERSION = 5.0;
				TARGETED_DEVICE_FAMILY = "1,2";
				TEST_HOST = "$(BUILT_PRODUCTS_DIR)/HW0.app/$(BUNDLE_EXECUTABLE_FOLDER_PATH)/HW0";
			};
			name = Debug;
		};
		DEDBC7862A9E470D00842F5A /* Release */ = {
			isa = XCBuildConfiguration;
			buildSettings = {
				ALWAYS_EMBED_SWIFT_STANDARD_LIBRARIES = YES;
				BUNDLE_LOADER = "$(TEST_HOST)";
				CODE_SIGN_STYLE = Automatic;
				CURRENT_PROJECT_VERSION = 1;
				GENERATE_INFOPLIST_FILE = YES;
				IPHONEOS_DEPLOYMENT_TARGET = 16.0;
				MARKETING_VERSION = 1.0;
				PRODUCT_BUNDLE_IDENTIFIER = FAU.HW0Tests;
				PRODUCT_NAME = "$(TARGET_NAME)";
				SWIFT_EMIT_LOC_STRINGS = NO;
				SWIFT_VERSION = 5.0;
				TARGETED_DEVICE_FAMILY = "1,2";
				TEST_HOST = "$(BUILT_PRODUCTS_DIR)/HW0.app/$(BUNDLE_EXECUTABLE_FOLDER_PATH)/HW0";
			};
			name = Release;
		};
		DEDBC7882A9E470D00842F5A /* Debug */ = {
			isa = XCBuildConfiguration;
			buildSettings = {
				ALWAYS_EMBED_SWIFT_STANDARD_LIBRARIES = YES;
				CODE_SIGN_STYLE = Automatic;
				CURRENT_PROJECT_VERSION = 1;
				GENERATE_INFOPLIST_FILE = YES;
				MARKETING_VERSION = 1.0;
				PRODUCT_BUNDLE_IDENTIFIER = FAU.HW0UITests;
				PRODUCT_NAME = "$(TARGET_NAME)";
				SWIFT_EMIT_LOC_STRINGS = NO;
				SWIFT_VERSION = 5.0;
				TARGETED_DEVICE_FAMILY = "1,2";
				TEST_TARGET_NAME = HW0;
			};
			name = Debug;
		};
		DEDBC7892A9E470D00842F5A /* Release */ = {
			isa = XCBuildConfiguration;
			buildSettings = {
				ALWAYS_EMBED_SWIFT_STANDARD_LIBRARIES = YES;
				CODE_SIGN_STYLE = Automatic;
				CURRENT_PROJECT_VERSION = 1;
				GENERATE_INFOPLIST_FILE = YES;
				MARKETING_VERSION = 1.0;
				PRODUCT_BUNDLE_IDENTIFIER = FAU.HW0UITests;
				PRODUCT_NAME = "$(TARGET_NAME)";
				SWIFT_EMIT_LOC_STRINGS = NO;
				SWIFT_VERSION = 5.0;
				TARGETED_DEVICE_FAMILY = "1,2";
				TEST_TARGET_NAME = HW0;
			};
			name = Release;
		};
/* End XCBuildConfiguration section */

/* Begin XCConfigurationList section */
		DEDBC7522A9E470C00842F5A /* Build configuration list for PBXProject "HW0" */ = {
			isa = XCConfigurationList;
			buildConfigurations = (
				DEDBC77F2A9E470D00842F5A /* Debug */,
				DEDBC7802A9E470D00842F5A /* Release */,
			);
			defaultConfigurationIsVisible = 0;
			defaultConfigurationName = Release;
		};
		DEDBC7812A9E470D00842F5A /* Build configuration list for PBXNativeTarget "HW0" */ = {
			isa = XCConfigurationList;
			buildConfigurations = (
				DEDBC7822A9E470D00842F5A /* Debug */,
				DEDBC7832A9E470D00842F5A /* Release */,
			);
			defaultConfigurationIsVisible = 0;
			defaultConfigurationName = Release;
		};
		DEDBC7842A9E470D00842F5A /* Build configuration list for PBXNativeTarget "HW0Tests" */ = {
			isa = XCConfigurationList;
			buildConfigurations = (
				DEDBC7852A9E470D00842F5A /* Debug */,
				DEDBC7862A9E470D00842F5A /* Release */,
			);
			defaultConfigurationIsVisible = 0;
			defaultConfigurationName = Release;
		};
		DEDBC7872A9E470D00842F5A /* Build configuration list for PBXNativeTarget "HW0UITests" */ = {
			isa = XCConfigurationList;
			buildConfigurations = (
				DEDBC7882A9E470D00842F5A /* Debug */,
				DEDBC7892A9E470D00842F5A /* Release */,
			);
			defaultConfigurationIsVisible = 0;
			defaultConfigurationName = Release;
		};
/* End XCConfigurationList section */
	};
	rootObject = DEDBC74F2A9E470C00842F5A /* Project object */;
}
